{
    "_meta": {
        "hash": {
            "sha256": "0bbfe965fe4c8d6f5e6fb5060f768ae7e9f07252132da69fb55f255d7c326773"
        },
        "pipfile-spec": 6,
        "requires": {
            "python_version": "3.7"
        },
        "sources": [
            {
                "name": "pypi",
                "url": "https://pypi.org/simple",
                "verify_ssl": true
            }
        ]
    },
    "default": {
        "django": {
            "hashes": [
                "sha256:753d30d3eb078064d2ddadfea65083c9848074a7f93d7b4dc7fa6b1380d278f5",
                "sha256:7cb67e8b934fab23b6daed7144da52e8a25a47eba7f360ca43d2b448506b01ad"
            ],
            "index": "pypi",
            "version": "==2.2.2"
        },
        "gitdb2": {
            "hashes": [
                "sha256:83361131a1836661a155172932a13c08bda2db3674e4caa32368aa6eb02f38c2",
                "sha256:e3a0141c5f2a3f635c7209d56c496ebe1ad35da82fe4d3ec4aaa36278d70648a"
            ],
            "version": "==2.0.5"
        },
        "gitpython": {
            "hashes": [
                "sha256:563221e5a44369c6b79172f455584c9ebbb122a13368cc82cb4b5addff788f82",
                "sha256:8237dc5bfd6f1366abeee5624111b9d6879393d84745a507de0fda86043b65a8"
            ],
            "index": "pypi",
            "version": "==2.1.11"
        },
        "pycrypto": {
            "hashes": [
                "sha256:f2ce1e989b272cfcb677616763e0a2e7ec659effa67a88aa92b3a65528f60a3c"
            ],
            "version": "==2.6.1"
        },
        "pytz": {
            "hashes": [
                "sha256:303879e36b721603cc54604edcac9d20401bdbe31e1e4fdee5b9f98d5d31dfda",
                "sha256:d747dd3d23d77ef44c6a3526e274af6efeb0a6f1afd5a69ba4d5be4098c8e141"
            ],
            "version": "==2019.1"
        },
        "ruamel-yaml": {
            "hashes": [
                "sha256:23731c9efb79f3f5609dedffeb6c5c47a68125fd3d4b157d9fc71b1cd49076a9",
                "sha256:2bbdd598ae57bac20968cf9028cc67d37d83bdb7942a94b9478110bc72193148",
                "sha256:34586084cdd60845a3e1bece2b58f0a889be25450db8cc0ea143ddf0f40557a2",
                "sha256:35957fedbb287b01313bb5c556ffdc70c0277c3500213b5e73dfd8716f748d77",
                "sha256:414cb87a40974a575830b406ffab4ab8c6cbd82eeb73abd2a9d1397c1f0223e1",
                "sha256:428775be75db68d908b17e4e8dda424c410222f170dc173246aa63e972d094b3",
                "sha256:514f670f7d36519bda504d507edfe63e3c20489f86c86d42bc4d9a6dbdf82c7b",
                "sha256:5cb962c1ac6887c5da29138fbbe3b4b7705372eb54e599907fa63d4cd743246d",
                "sha256:5f6e30282cf70fb7754e1a5f101e27b5240009766376e131b31ab49f14fe81be",
                "sha256:86f8e010af6af0b4f42de2d0d9b19cb441e61d3416082186f9dd03c8552d13ad",
                "sha256:8d47ed1e557d546bd2dfe54f504d7274274602ff7a0652cde84c258ad6c2d96d",
                "sha256:98668876720bce1ac08562d8b93a564a80e3397e442c7ea19cebdcdf73da7f74",
                "sha256:9e1f0ddc18d8355dcf5586a5d90417df56074f237812b8682a93b62cca9d2043",
                "sha256:a7bc812a72a79d6b7dbb96fa5bee3950464b65ec055d3abc4db6572f2373a95c",
                "sha256:b72e13f9f206ee103247b07afd5a39c8b1aa98e8eba80ddba184d030337220ba",
                "sha256:bcff8ea9d916789e85e24beed8830c157fb8bc7c313e554733a8151540e66c01",
                "sha256:c76e78b3bab652069b8d6f7889b0e72f3455c2b854b2e0a8818393d149ad0a0d"
            ],
            "index": "pypi",
            "version": "==0.15.97"
        },
        "simple-crypt": {
            "hashes": [
                "sha256:49462ab7ea4b080a8c10e362abfe35ecfa6dbe1e1c454ea36de7d2a71dce992f"
            ],
            "index": "pypi",
            "version": "==4.1.7"
        },
        "smmap2": {
            "hashes": [
                "sha256:0555a7bf4df71d1ef4218e4807bbf9b201f910174e6e08af2e138d4e517b4dde",
                "sha256:29a9ffa0497e7f2be94ca0ed1ca1aa3cd4cf25a1f6b4f5f87f74b46ed91d609a"
            ],
            "version": "==2.0.5"
        },
        "sqlparse": {
            "hashes": [
                "sha256:40afe6b8d4b1117e7dff5504d7a8ce07d9a1b15aeeade8a2d10f130a834f8177",
                "sha256:7c3dca29c022744e95b547e867cee89f4fce4373f3549ccd8797d8eb52cdb873"
            ],
            "version": "==0.3.0"
        }
    },
    "develop": {
        "entrypoints": {
            "hashes": [
                "sha256:589f874b313739ad35be6e0cd7efde2a4e9b6fea91edcc34e58ecbb8dbe56d19",
                "sha256:c70dd71abe5a8c85e55e12c19bd91ccfeec11a6e99044204511f9ed547d48451"
            ],
            "version": "==0.3"
        },
        "flake8": {
            "hashes": [
                "sha256:859996073f341f2670741b51ec1e67a01da142831aa1fdc6242dbf88dffbe661",
                "sha256:a796a115208f5c03b18f332f7c11729812c8c3ded6c46319c59b53efd3819da8"
            ],
            "index": "pypi",
            "version": "==3.7.7"
        },
        "mccabe": {
            "hashes": [
                "sha256:ab8a6258860da4b6677da4bd2fe5dc2c659cff31b3ee4f7f5d64e79735b80d42",
                "sha256:dd8d182285a0fe56bace7f45b5e7d1a6ebcbf524e8f3bd87eb0f125271b8831f"
            ],
            "version": "==0.6.1"
        },
        "pycodestyle": {
            "hashes": [
                "sha256:95a2219d12372f05704562a14ec30bc76b05a5b297b21a5dfe3f6fac3491ae56",
                "sha256:e40a936c9a450ad81df37f549d676d127b1b66000a6c500caa2b085bc0ca976c"
            ],
            "version": "==2.5.0"
        },
        "pyflakes": {
            "hashes": [
                "sha256:17dbeb2e3f4d772725c777fabc446d5634d1038f234e77343108ce445ea69ce0",
                "sha256:d976835886f8c5b31d47970ed689944a0262b5f3afa00a5a7b4dc81e5449f8a2"
            ],
            "version": "==2.1.1"
        }
    }
}
