{
    "_meta": {
        "hash": {
            "sha256": "c7fea4f12a8ddbadea9644ec65cc216f44ced291ee8c9c4462af0de3ce2cf38d"
        },
        "pipfile-spec": 6,
        "requires": {
            "python_version": "3.7"
        },
        "sources": [
            {
                "name": "pypi",
                "url": "https://pypi.org/simple",
                "verify_ssl": true
            }
        ]
    },
    "default": {
        "certifi": {
            "hashes": [
                "sha256:046832c04d4e752f37383b628bc601a7ea7211496b4638f6514d0e5b9acc4939",
                "sha256:945e3ba63a0b9f577b1395204e13c3a231f9bc0223888be653286534e5873695"
            ],
            "version": "==2019.6.16"
        },
        "chardet": {
            "hashes": [
                "sha256:84ab92ed1c4d4f16916e05906b6b75a6c0fb5db821cc65e70cbd64a3e2a5eaae",
                "sha256:fc323ffcaeaed0e0a02bf4d117757b98aed530d9ed4531e3e15460124c106691"
            ],
            "version": "==3.0.4"
        },
        "ddt": {
            "hashes": [
                "sha256:474546b4020ce8a2f9550ba8899c28aa2c284c7bbf175bddede98be949d1ca7c",
                "sha256:d13e6af8f36238e89d00f4ebccf2bda4f6d1878be560a6600689e42077e164e3"
            ],
            "version": "==1.2.1"
        },
        "django": {
            "hashes": [
                "sha256:65e2a548a52fca560cdd4e35f4fa1a79140f405af48950e59702a37e4227e958",
                "sha256:d4244e2c9653e1349b37ab0cdf108607ba9d1e41f71d0711ac71360e4026ce94"
            ],
            "index": "pypi",
            "version": "==2.1.10"
        },
        "gitdb": {
            "hashes": [
                "sha256:a3ebbc27be035a2e874ed904df516e35f4a29a778a764385de09de9e0f139658"
            ],
            "version": "==0.6.4"
        },
        "gitdb2": {
            "hashes": [
                "sha256:83361131a1836661a155172932a13c08bda2db3674e4caa32368aa6eb02f38c2",
                "sha256:e3a0141c5f2a3f635c7209d56c496ebe1ad35da82fe4d3ec4aaa36278d70648a"
            ],
            "version": "==2.0.5"
        },
        "gitpython": {
            "hashes": [
                "sha256:7428f1cc5e72d53e65c3259d5cebc22fb2b07f973c49d95b3c3d26c64890a3c3",
                "sha256:a0f744a4941eac5d99033eb0adcbec83bf443ee173fda4292d92a906aedce952"
            ],
            "index": "pypi",
            "version": "==2.1.12"
        },
        "gunicorn": {
            "hashes": [
                "sha256:aa8e0b40b4157b36a5df5e599f45c9c76d6af43845ba3b3b0efe2c70473c2471",
                "sha256:fa2662097c66f920f53f70621c6c58ca4a3c4d3434205e608e121b5b3b71f4f3"
            ],
            "index": "pypi",
            "version": "==19.9.0"
        },
        "idna": {
            "hashes": [
                "sha256:c357b3f628cf53ae2c4c05627ecc484553142ca23264e593d327bcde5e9c3407",
                "sha256:ea8b7f6188e6fa117537c3df7da9fc686d485087abf6ac197f9c46432f7e4a3c"
            ],
            "version": "==2.8"
        },
        "pycrypto": {
            "hashes": [
                "sha256:f2ce1e989b272cfcb677616763e0a2e7ec659effa67a88aa92b3a65528f60a3c"
            ],
            "version": "==2.6.1"
        },
        "pytz": {
            "hashes": [
                "sha256:303879e36b721603cc54604edcac9d20401bdbe31e1e4fdee5b9f98d5d31dfda",
                "sha256:d747dd3d23d77ef44c6a3526e274af6efeb0a6f1afd5a69ba4d5be4098c8e141"
            ],
            "version": "==2019.1"
        },
        "requests": {
            "hashes": [
                "sha256:11e007a8a2aa0323f5a921e9e6a2d7e4e67d9877e85773fba9ba6419025cbeb4",
                "sha256:9cf5292fcd0f598c671cfc1e0d7d1a7f13bb8085e9a590f48c010551dc6c4b31"
            ],
            "index": "pypi",
            "version": "==2.22.0"
        },
        "ruamel-yaml": {
            "hashes": [
                "sha256:08aaaa74ff66565024ecabf9ba2db212712382a21c0458f9a91c623a1fa83b34",
                "sha256:23f2efb872d2ebe3d5428b4f1a8f30cbf59f56e780c4981c155411ee65572673",
                "sha256:38718e69270141c403b5fc539f774ed394568f8a5195b507991f5b690356facb",
                "sha256:44da2be1153e173f90ad8775d4ac4237a3c06cfbb9660c1c1980271621833faa",
                "sha256:4b1674a936cdae9735578d4fd64bcbc6cfbb77a1a8f7037a50c6e3874ba4c9d8",
                "sha256:51d49c870aca850e652e2cd1c9bea9b52b77d13ad52b0556de496c1d264ea65f",
                "sha256:63dc8c6147a4cf77efadf2ae0f34e89e03de79289298bb941b7ae333d5d4020b",
                "sha256:6672798c6b52a976a7b24e20665055852388c83198d88029d3c76e2197ac221a",
                "sha256:6b6025f9b6a557e15e9fdfda4d9af0b57cd8d59ff98e23a0097ab2d7c0540f07",
                "sha256:7b750252e3d1ec5b53d03be508796c04a907060900c7d207280b7456650ebbfc",
                "sha256:847177699994f9c31adf78d1ef1ff8f069ef0241e744a3ee8b30fbdaa914cc1e",
                "sha256:922d9e483c05d9000256640026f277fcc0c2e1e9271d05acada8e6cfb4c8b721",
                "sha256:92a8ca79f9173cca29ca9663b49d9c936aefc4c8a76f39318b0218c8f3626438",
                "sha256:ab8eeca4de4decf0d0a42cb6949d354da9fc70a2d9201f0dd55186c599b2e3a5",
                "sha256:bd4b60b649f4a81086f70cd56eff4722018ef36a28094c396f1a53bf450bd579",
                "sha256:fc6471ef15b69e454cca82433ac5f84929d9f3e2d72b9e54b06850b6b7133cc0",
                "sha256:ffc89770339191acbe5a15041950b5ad9daec7d659619b0ed9dad8c9c80c26f3"
            ],
            "index": "pypi",
            "version": "==0.15.100"
        },
        "simple-crypt": {
            "hashes": [
                "sha256:49462ab7ea4b080a8c10e362abfe35ecfa6dbe1e1c454ea36de7d2a71dce992f"
            ],
            "index": "pypi",
            "version": "==4.1.7"
        },
        "smmap": {
            "hashes": [
                "sha256:0e2b62b497bd5f0afebc002eda4d90df9d209c30ef257e8673c90a6b5c119d62"
            ],
            "version": "==0.9.0"
        },
        "smmap2": {
            "hashes": [
                "sha256:0555a7bf4df71d1ef4218e4807bbf9b201f910174e6e08af2e138d4e517b4dde",
                "sha256:29a9ffa0497e7f2be94ca0ed1ca1aa3cd4cf25a1f6b4f5f87f74b46ed91d609a"
            ],
            "version": "==2.0.5"
        },
        "urllib3": {
            "hashes": [
                "sha256:b246607a25ac80bedac05c6f282e3cdaf3afb65420fd024ac94435cabe6e18d1",
                "sha256:dbe59173209418ae49d485b87d1681aefa36252ee85884c31346debd19463232"
            ],
            "version": "==1.25.3"
        }
    },
    "develop": {
        "appdirs": {
            "hashes": [
                "sha256:9e5896d1372858f8dd3344faf4e5014d21849c756c8d5701f78f8a103b372d92",
                "sha256:d8b24664561d0d34ddfaec54636d502d7cea6e29c3eaf68f3df6180863e2166e"
            ],
            "version": "==1.4.3"
        },
        "attrs": {
            "hashes": [
                "sha256:69c0dbf2ed392de1cb5ec704444b08a5ef81680a61cb899dc08127123af36a79",
                "sha256:f0b870f674851ecbfbbbd364d6b5cbdff9dcedbc7f3f5e18a6891057f21fe399"
            ],
            "version": "==19.1.0"
        },
        "black": {
            "hashes": [
                "sha256:09a9dcb7c46ed496a9850b76e4e825d6049ecd38b611f1224857a79bd985a8cf",
                "sha256:68950ffd4d9169716bcb8719a56c07a2f4485354fec061cdd5910aa07369731c"
            ],
            "index": "pypi",
            "version": "==19.3b0"
        },
        "click": {
            "hashes": [
                "sha256:2335065e6395b9e67ca716de5f7526736bfa6ceead690adf616d925bdc622b13",
                "sha256:5b94b49521f6456670fdb30cd82a4eca9412788a93fa6dd6df72c94d5a8ff2d7"
            ],
            "version": "==7.0"
        },
        "coverage": {
            "hashes": [
                "sha256:108efa19b676e62590a7a13084098e35183479c0d9608131c20b0921c5a72dc0",
                "sha256:16fe3ef881eff27bab287f91dadb4ff0ce4388b9e928d84cbf148a83cc70b3a1",
                "sha256:1d0bbc11421827d1100da82ac8dc929532b97ad464038475a0f6505cbf83d6ea",
                "sha256:23a8ca5b3c9673f775cc151e85a737f1a967df2ec02b09e8c5a3b606ff2050bf",
                "sha256:24b890e51455276762b55cb06fa1c922066e8fc18d1deb1a6399b4d24dfa8ea2",
                "sha256:2f0041757ca4801f3c6a74d1660862fdb18a25aea302dd0ce9b067ddbb06b667",
                "sha256:3169aba03baddfccdab7cc04cf0878dbf76fc06d300bc35639129a6b794d6484",
                "sha256:364fb1bf0f999af2e7f4b1a1e614b2af8c3e0017d11af716aad25f911b7cd0c7",
                "sha256:5256856d23f3e45959e7e3a8f9d4cbad3d1613e5660cb8117cd1417798efc395",
                "sha256:5b26daa1e1a1147455bf62cd682e504e68f1d1e04235374d50a5248a3c792b1c",
                "sha256:60247c8f0c756732e2cfe21f03e6847b923b9a9eaff61f04dc64d3047ec1b669",
                "sha256:6463d51507308eb3973340d903537f17ece2ee1e6513aa0c27548fc3a09b0471",
                "sha256:64cbadf7a884b299794238bc4391752130e74f71e919993b50c1c431786ef2a2",
                "sha256:6de85748ea39ce819ad6d90e660da43964457a1f5cd25262e962a7c7c87945b3",
                "sha256:6f95b4794bd84f64aeca25087d8e3abc416aad76842afcac34fa6c3a6f61c62e",
                "sha256:778fa184aa3079fa3cbd240e2f5b36771c3382db26bc7bf78aea9d06212c6c66",
                "sha256:790a9c5e2dbdf6c41eec9776ed663e99bd36c1604e3bf2e8ae3b123181bfee9f",
                "sha256:7d97c1aec0b68b4ea5e3c9edb9fc3f951e8a52360f4bad3aacab9a77defe5b17",
                "sha256:93cefddcc0b541d3c52981a232947bf085a38092b0812317f1adb56f02869bcb",
                "sha256:95e49867ac616ec63ecd69ea005e65e4b896a48b8db7f9f3ad69f37be29324b7",
                "sha256:aca423563eafba66a7c15125391b267befd1e45238de5e1a119ae1fb4ea83b5c",
                "sha256:baef7c35e7fce738d9637e9c7a6aa79cb79085e4de49c2ec517ce19239a660f6",
                "sha256:c10ccf0797ffce85e93a40aff3a96a3adb63c734f95b59384a7c9522ed25c9e2",
                "sha256:ca39704a05bba1886c384a4d7944fda72c53fe5e61979cd933d22084678ad4c1",
                "sha256:f6e96d5eee578187f5b7e9266bf646b73de29e2dd7adca8bd83e383680ce1f4c",
                "sha256:fc6524511fa664cb4e91401229eedd0dad4ba6ded9c4423fee2f698d78908d9c",
                "sha256:fdf2e7e5f074495ad6ea796ca0d245aa6a8b9e4c546ffbf8d30aaaee6601af0f"
            ],
            "index": "pypi",
            "version": "==5.0a6"
        },
        "entrypoints": {
            "hashes": [
                "sha256:589f874b313739ad35be6e0cd7efde2a4e9b6fea91edcc34e58ecbb8dbe56d19",
                "sha256:c70dd71abe5a8c85e55e12c19bd91ccfeec11a6e99044204511f9ed547d48451"
            ],
            "version": "==0.3"
        },
        "flake8": {
            "hashes": [
                "sha256:19241c1cbc971b9962473e4438a2ca19749a7dd002dd1a946eaba171b4114548",
                "sha256:8e9dfa3cecb2400b3738a42c54c3043e821682b9c840b0448c0503f781130696"
            ],
            "index": "pypi",
            "version": "==3.7.8"
        },
        "mccabe": {
            "hashes": [
                "sha256:ab8a6258860da4b6677da4bd2fe5dc2c659cff31b3ee4f7f5d64e79735b80d42",
                "sha256:dd8d182285a0fe56bace7f45b5e7d1a6ebcbf524e8f3bd87eb0f125271b8831f"
            ],
            "version": "==0.6.1"
        },
        "pycodestyle": {
            "hashes": [
                "sha256:95a2219d12372f05704562a14ec30bc76b05a5b297b21a5dfe3f6fac3491ae56",
                "sha256:e40a936c9a450ad81df37f549d676d127b1b66000a6c500caa2b085bc0ca976c"
            ],
            "version": "==2.5.0"
        },
        "pyflakes": {
            "hashes": [
                "sha256:17dbeb2e3f4d772725c777fabc446d5634d1038f234e77343108ce445ea69ce0",
                "sha256:d976835886f8c5b31d47970ed689944a0262b5f3afa00a5a7b4dc81e5449f8a2"
            ],
            "version": "==2.1.1"
        },
        "toml": {
            "hashes": [
                "sha256:229f81c57791a41d65e399fc06bf0848bab550a9dfd5ed66df18ce5f05e73d5c",
                "sha256:235682dd292d5899d361a811df37e04a8828a5b1da3115886b73cf81ebc9100e"
            ],
            "version": "==0.10.0"
        }
    }
}
